
Microsoft Visual Studio Solution File, Format Version 12.00
# Visual Studio Version 17
VisualStudioVersion = 17.6.33717.318
MinimumVisualStudioVersion = 10.0.40219.1
Project("{8BC9CEB8-8B4A-11D0-8D11-00A0C91BC942}") = "c_project_for_normal_homework1", "c_project_for_normal_homework1\c_project_for_normal_homework1.vcxproj", "{F2AA4FD7-88DF-4B63-9F47-78BD67ECF9CA}"
EndProject
Global
	GlobalSection(SolutionConfigurationPlatforms) = preSolution
		Debug|x64 = Debug|x64
		Debug|x86 = Debug|x86
		Release|x64 = Release|x64
		Release|x86 = Release|x86
	EndGlobalSection
	GlobalSection(ProjectConfigurationPlatforms) = postSolution
		{F2AA4FD7-88DF-4B63-9F47-78BD67ECF9CA}.Debug|x64.ActiveCfg = Debug|x64
		{F2AA4FD7-88DF-4B63-9F47-78BD67ECF9CA}.Debug|x64.Build.0 = Debug|x64
		{F2AA4FD7-88DF-4B63-9F47-78BD67ECF9CA}.Debug|x86.ActiveCfg = Debug|Win32
		{F2AA4FD7-88DF-4B63-9F47-78BD67ECF9CA}.Debug|x86.Build.0 = Debug|Win32
		{F2AA4FD7-88DF-4B63-9F47-78BD67ECF9CA}.Release|x64.ActiveCfg = Release|x64
		{F2AA4FD7-88DF-4B63-9F47-78BD67ECF9CA}.Release|x64.Build.0 = Release|x64
		{F2AA4FD7-88DF-4B63-9F47-78BD67ECF9CA}.Release|x86.ActiveCfg = Release|Win32
		{F2AA4FD7-88DF-4B63-9F47-78BD67ECF9CA}.Release|x86.Build.0 = Release|Win32
	EndGlobalSection
	GlobalSection(SolutionProperties) = preSolution
		HideSolutionNode = FALSE
	EndGlobalSection
	GlobalSection(ExtensibilityGlobals) = postSolution
		SolutionGuid = {7E16FC5B-D427-42CC-8C05-478D998077A5}
	EndGlobalSection
EndGlobal
