
Microsoft Visual Studio Solution File, Format Version 12.00
# Visual Studio Version 17
VisualStudioVersion = 17.1.32210.238
MinimumVisualStudioVersion = 10.0.40219.1
Project("{8BC9CEB8-8B4A-11D0-8D11-00A0C91BC942}") = "test-cct", "test-cct\test-cct.vcxproj", "{A9253607-3B29-476E-A94E-968E303031BD}"
EndProject
Project("{8BC9CEB8-8B4A-11D0-8D11-00A0C91BC942}") = "90-01-b1", "90-01-b1\90-01-b1.vcxproj", "{9699BC08-56C8-4BAB-B148-8D2ED158D100}"
EndProject
Project("{8BC9CEB8-8B4A-11D0-8D11-00A0C91BC942}") = "90-01-b2", "90-01-b2\90-01-b2.vcxproj", "{194EBE41-652F-465C-B2E8-97C9F774247B}"
EndProject
Project("{8BC9CEB8-8B4A-11D0-8D11-00A0C91BC942}") = "90-02-b1", "90-02-b1\90-02-b1.vcxproj", "{51E998EE-60C7-4641-8FE4-4DF89D223824}"
EndProject
Project("{8BC9CEB8-8B4A-11D0-8D11-00A0C91BC942}") = "common", "common\common.vcxproj", "{9CDF1BB9-7135-4A32-AB88-0638DB7FB863}"
EndProject
Project("{8BC9CEB8-8B4A-11D0-8D11-00A0C91BC942}") = "include", "include\include.vcxproj", "{618CD706-1B69-4F02-8B1B-7011E17DC9E0}"
EndProject
Project("{8BC9CEB8-8B4A-11D0-8D11-00A0C91BC942}") = "90-02-b2", "90-02-b2\90-02-b2.vcxproj", "{848C255B-E79B-4C5C-BF14-BCBAACD5AF5D}"
EndProject
Project("{8BC9CEB8-8B4A-11D0-8D11-00A0C91BC942}") = "test_args_analyse_tools", "test_args_analyse_tools\test_args_analyse_tools.vcxproj", "{FDAA7838-A800-44D8-BD9E-B4FAACFBE708}"
EndProject
Project("{8BC9CEB8-8B4A-11D0-8D11-00A0C91BC942}") = "my_ping", "my_ping\my_ping.vcxproj", "{C9C90211-E18F-4605-8369-DDF8EC246542}"
EndProject
Project("{8BC9CEB8-8B4A-11D0-8D11-00A0C91BC942}") = "txt_compare", "txt_compare\txt_compare.vcxproj", "{261F3EC6-6BB7-43AA-AC98-28A7EF0FEF11}"
EndProject
Project("{8BC9CEB8-8B4A-11D0-8D11-00A0C91BC942}") = "bmp_subtitles", "bmp_subtitles\bmp_subtitles.vcxproj", "{7B3EE611-2142-422C-9F0C-3EE393A2DCE4}"
EndProject
Project("{8BC9CEB8-8B4A-11D0-8D11-00A0C91BC942}") = "test_readcfg", "test_readcfg\test_readcfg.vcxproj", "{E99D20E8-3C9F-4CEA-A997-8F584A82210A}"
EndProject
Project("{8BC9CEB8-8B4A-11D0-8D11-00A0C91BC942}") = "test_mariadb", "test_mariadb\test_mariadb.cpp.vcxproj", "{91F49135-EEB4-4687-A567-54A10B4D09C0}"
EndProject
Project("{8BC9CEB8-8B4A-11D0-8D11-00A0C91BC942}") = "hw_check", "hw_check\hw_check.vcxproj", "{0C085FBC-44E9-4B9C-AF2E-FEC6C6A2DD63}"
EndProject
Global
	GlobalSection(SolutionConfigurationPlatforms) = preSolution
		Debug|x86 = Debug|x86
	EndGlobalSection
	GlobalSection(ProjectConfigurationPlatforms) = postSolution
		{A9253607-3B29-476E-A94E-968E303031BD}.Debug|x86.ActiveCfg = Debug|Win32
		{9699BC08-56C8-4BAB-B148-8D2ED158D100}.Debug|x86.ActiveCfg = Debug|Win32
		{9699BC08-56C8-4BAB-B148-8D2ED158D100}.Debug|x86.Build.0 = Debug|Win32
		{194EBE41-652F-465C-B2E8-97C9F774247B}.Debug|x86.ActiveCfg = Debug|Win32
		{194EBE41-652F-465C-B2E8-97C9F774247B}.Debug|x86.Build.0 = Debug|Win32
		{51E998EE-60C7-4641-8FE4-4DF89D223824}.Debug|x86.ActiveCfg = Debug|Win32
		{51E998EE-60C7-4641-8FE4-4DF89D223824}.Debug|x86.Build.0 = Debug|Win32
		{9CDF1BB9-7135-4A32-AB88-0638DB7FB863}.Debug|x86.ActiveCfg = Debug|Win32
		{618CD706-1B69-4F02-8B1B-7011E17DC9E0}.Debug|x86.ActiveCfg = Debug|Win32
		{848C255B-E79B-4C5C-BF14-BCBAACD5AF5D}.Debug|x86.ActiveCfg = Debug|Win32
		{848C255B-E79B-4C5C-BF14-BCBAACD5AF5D}.Debug|x86.Build.0 = Debug|Win32
		{FDAA7838-A800-44D8-BD9E-B4FAACFBE708}.Debug|x86.ActiveCfg = Debug|Win32
		{FDAA7838-A800-44D8-BD9E-B4FAACFBE708}.Debug|x86.Build.0 = Debug|Win32
		{C9C90211-E18F-4605-8369-DDF8EC246542}.Debug|x86.ActiveCfg = Debug|Win32
		{C9C90211-E18F-4605-8369-DDF8EC246542}.Debug|x86.Build.0 = Debug|Win32
		{261F3EC6-6BB7-43AA-AC98-28A7EF0FEF11}.Debug|x86.ActiveCfg = Debug|Win32
		{261F3EC6-6BB7-43AA-AC98-28A7EF0FEF11}.Debug|x86.Build.0 = Debug|Win32
		{7B3EE611-2142-422C-9F0C-3EE393A2DCE4}.Debug|x86.ActiveCfg = Debug|Win32
		{7B3EE611-2142-422C-9F0C-3EE393A2DCE4}.Debug|x86.Build.0 = Debug|Win32
		{E99D20E8-3C9F-4CEA-A997-8F584A82210A}.Debug|x86.ActiveCfg = Debug|Win32
		{E99D20E8-3C9F-4CEA-A997-8F584A82210A}.Debug|x86.Build.0 = Debug|Win32
		{91F49135-EEB4-4687-A567-54A10B4D09C0}.Debug|x86.ActiveCfg = Debug|Win32
		{91F49135-EEB4-4687-A567-54A10B4D09C0}.Debug|x86.Build.0 = Debug|Win32
		{0C085FBC-44E9-4B9C-AF2E-FEC6C6A2DD63}.Debug|x86.ActiveCfg = Debug|Win32
		{0C085FBC-44E9-4B9C-AF2E-FEC6C6A2DD63}.Debug|x86.Build.0 = Debug|Win32
	EndGlobalSection
	GlobalSection(SolutionProperties) = preSolution
		HideSolutionNode = FALSE
	EndGlobalSection
	GlobalSection(ExtensibilityGlobals) = postSolution
		SolutionGuid = {F1CEBC16-8D57-4B2D-BBB0-E616325FB321}
	EndGlobalSection
EndGlobal
